
Microsoft Visual Studio Solution File, Format Version 12.00
# Visual Studio Version 16
VisualStudioVersion = 16.0.31702.278
MinimumVisualStudioVersion = 10.0.40219.1
Project("{FAE04EC0-301F-11D3-BF4B-00C04F79EFBC}") = "WindowsFormsApp1", "WindowsFormsApp1\WindowsFormsApp1.csproj", "{A8D71039-BD88-4AD3-A1C9-4AF5E936CC0C}"
EndProject
Global
	GlobalSection(SolutionConfigurationPlatforms) = preSolution
		Debug|Any CPU = Debug|Any CPU
		Release|Any CPU = Release|Any CPU
	EndGlobalSection
	GlobalSection(ProjectConfigurationPlatforms) = postSolution
		{A8D71039-BD88-4AD3-A1C9-4AF5E936CC0C}.Debug|Any CPU.ActiveCfg = Debug|Any CPU
		{A8D71039-BD88-4AD3-A1C9-4AF5E936CC0C}.Debug|Any CPU.Build.0 = Debug|Any CPU
		{A8D71039-BD88-4AD3-A1C9-4AF5E936CC0C}.Release|Any CPU.ActiveCfg = Release|Any CPU
		{A8D71039-BD88-4AD3-A1C9-4AF5E936CC0C}.Release|Any CPU.Build.0 = Release|Any CPU
	EndGlobalSection
	GlobalSection(SolutionProperties) = preSolution
		HideSolutionNode = FALSE
	EndGlobalSection
	GlobalSection(ExtensibilityGlobals) = postSolution
		SolutionGuid = {1E3F7DE2-AACA-43BC-A283-1AB467E9697A}
	EndGlobalSection
EndGlobal
